
Microsoft Visual Studio Solution File, Format Version 12.00
# Visual Studio Version 17
VisualStudioVersion = 17.10.35027.167
MinimumVisualStudioVersion = 10.0.40219.1
Project("{FAE04EC0-301F-11D3-BF4B-00C04F79EFBC}") = "JohnnyWinFormsApp1", "JohnnyWinFormsApp1\JohnnyWinFormsApp1.csproj", "{D7FDB9A8-D9E5-476B-A356-35B8621E7016}"
EndProject
Global
	GlobalSection(SolutionConfigurationPlatforms) = preSolution
		Debug|Any CPU = Debug|Any CPU
		Release|Any CPU = Release|Any CPU
	EndGlobalSection
	GlobalSection(ProjectConfigurationPlatforms) = postSolution
		{D7FDB9A8-D9E5-476B-A356-35B8621E7016}.Debug|Any CPU.ActiveCfg = Debug|Any CPU
		{D7FDB9A8-D9E5-476B-A356-35B8621E7016}.Debug|Any CPU.Build.0 = Debug|Any CPU
		{D7FDB9A8-D9E5-476B-A356-35B8621E7016}.Release|Any CPU.ActiveCfg = Release|Any CPU
		{D7FDB9A8-D9E5-476B-A356-35B8621E7016}.Release|Any CPU.Build.0 = Release|Any CPU
	EndGlobalSection
	GlobalSection(SolutionProperties) = preSolution
		HideSolutionNode = FALSE
	EndGlobalSection
	GlobalSection(ExtensibilityGlobals) = postSolution
		SolutionGuid = {73081CFA-D480-49CC-89ED-6F0F4E826990}
	EndGlobalSection
EndGlobal
